
Microsoft Visual Studio Solution File, Format Version 12.00
# Visual Studio 14
VisualStudioVersion = 14.0.25420.1
MinimumVisualStudioVersion = 10.0.40219.1
Project("{FAE04EC0-301F-11D3-BF4B-00C04F79EFBC}") = "MethodHidingVsMethodOverriding", "MethodHidingVsMethodOverriding\MethodHidingVsMethodOverriding.csproj", "{5827195B-4F0E-487D-A326-9866CEA89D16}"
EndProject
Project("{FAE04EC0-301F-11D3-BF4B-00C04F79EFBC}") = "Polymorphism", "Polymorphism\Polymorphism.csproj", "{1C7BD7D4-B28C-4CBC-8EAC-AEB2D2C7DA3F}"
EndProject
Project("{FAE04EC0-301F-11D3-BF4B-00C04F79EFBC}") = "ExtensionMethod", "ExtensionMethod\ExtensionMethod.csproj", "{CDB48AC6-1267-4057-BBC5-BF66B799B00E}"
EndProject
Project("{FAE04EC0-301F-11D3-BF4B-00C04F79EFBC}") = "SingletonDesignPattern", "SingletonDesignPattern\SingletonDesignPattern.csproj", "{F894E1AB-47D8-4FA2-9CE5-5704C6E7F5C2}"
EndProject
Project("{FAE04EC0-301F-11D3-BF4B-00C04F79EFBC}") = "DelegatesAndEvents", "DelegatesAndEvents\DelegatesAndEvents.csproj", "{57AC8038-E003-47CE-8C56-BCB0ECD1D291}"
EndProject
Project("{FAE04EC0-301F-11D3-BF4B-00C04F79EFBC}") = "DLLHell", "DLLHell\DLLHell.csproj", "{FADD40F4-3413-4D9A-A283-BD48C1419DB9}"
EndProject
Project("{FAE04EC0-301F-11D3-BF4B-00C04F79EFBC}") = "Application1", "Application1\Application1.csproj", "{18101672-0E9B-46DC-A3FE-C30FAAB80616}"
EndProject
Project("{FAE04EC0-301F-11D3-BF4B-00C04F79EFBC}") = "Application2", "Application2\Application2.csproj", "{08ADAF71-0656-4C7B-80CD-AFF40144BA8A}"
EndProject
Global
	GlobalSection(SolutionConfigurationPlatforms) = preSolution
		Debug|Any CPU = Debug|Any CPU
		Release|Any CPU = Release|Any CPU
	EndGlobalSection
	GlobalSection(ProjectConfigurationPlatforms) = postSolution
		{5827195B-4F0E-487D-A326-9866CEA89D16}.Debug|Any CPU.ActiveCfg = Debug|Any CPU
		{5827195B-4F0E-487D-A326-9866CEA89D16}.Debug|Any CPU.Build.0 = Debug|Any CPU
		{5827195B-4F0E-487D-A326-9866CEA89D16}.Release|Any CPU.ActiveCfg = Release|Any CPU
		{5827195B-4F0E-487D-A326-9866CEA89D16}.Release|Any CPU.Build.0 = Release|Any CPU
		{1C7BD7D4-B28C-4CBC-8EAC-AEB2D2C7DA3F}.Debug|Any CPU.ActiveCfg = Debug|Any CPU
		{1C7BD7D4-B28C-4CBC-8EAC-AEB2D2C7DA3F}.Debug|Any CPU.Build.0 = Debug|Any CPU
		{1C7BD7D4-B28C-4CBC-8EAC-AEB2D2C7DA3F}.Release|Any CPU.ActiveCfg = Release|Any CPU
		{1C7BD7D4-B28C-4CBC-8EAC-AEB2D2C7DA3F}.Release|Any CPU.Build.0 = Release|Any CPU
		{CDB48AC6-1267-4057-BBC5-BF66B799B00E}.Debug|Any CPU.ActiveCfg = Debug|Any CPU
		{CDB48AC6-1267-4057-BBC5-BF66B799B00E}.Debug|Any CPU.Build.0 = Debug|Any CPU
		{CDB48AC6-1267-4057-BBC5-BF66B799B00E}.Release|Any CPU.ActiveCfg = Release|Any CPU
		{CDB48AC6-1267-4057-BBC5-BF66B799B00E}.Release|Any CPU.Build.0 = Release|Any CPU
		{F894E1AB-47D8-4FA2-9CE5-5704C6E7F5C2}.Debug|Any CPU.ActiveCfg = Debug|Any CPU
		{F894E1AB-47D8-4FA2-9CE5-5704C6E7F5C2}.Debug|Any CPU.Build.0 = Debug|Any CPU
		{F894E1AB-47D8-4FA2-9CE5-5704C6E7F5C2}.Release|Any CPU.ActiveCfg = Release|Any CPU
		{F894E1AB-47D8-4FA2-9CE5-5704C6E7F5C2}.Release|Any CPU.Build.0 = Release|Any CPU
		{57AC8038-E003-47CE-8C56-BCB0ECD1D291}.Debug|Any CPU.ActiveCfg = Debug|Any CPU
		{57AC8038-E003-47CE-8C56-BCB0ECD1D291}.Debug|Any CPU.Build.0 = Debug|Any CPU
		{57AC8038-E003-47CE-8C56-BCB0ECD1D291}.Release|Any CPU.ActiveCfg = Release|Any CPU
		{57AC8038-E003-47CE-8C56-BCB0ECD1D291}.Release|Any CPU.Build.0 = Release|Any CPU
		{FADD40F4-3413-4D9A-A283-BD48C1419DB9}.Debug|Any CPU.ActiveCfg = Debug|Any CPU
		{FADD40F4-3413-4D9A-A283-BD48C1419DB9}.Debug|Any CPU.Build.0 = Debug|Any CPU
		{FADD40F4-3413-4D9A-A283-BD48C1419DB9}.Release|Any CPU.ActiveCfg = Release|Any CPU
		{FADD40F4-3413-4D9A-A283-BD48C1419DB9}.Release|Any CPU.Build.0 = Release|Any CPU
		{18101672-0E9B-46DC-A3FE-C30FAAB80616}.Debug|Any CPU.ActiveCfg = Debug|Any CPU
		{18101672-0E9B-46DC-A3FE-C30FAAB80616}.Debug|Any CPU.Build.0 = Debug|Any CPU
		{18101672-0E9B-46DC-A3FE-C30FAAB80616}.Release|Any CPU.ActiveCfg = Release|Any CPU
		{18101672-0E9B-46DC-A3FE-C30FAAB80616}.Release|Any CPU.Build.0 = Release|Any CPU
		{08ADAF71-0656-4C7B-80CD-AFF40144BA8A}.Debug|Any CPU.ActiveCfg = Debug|Any CPU
		{08ADAF71-0656-4C7B-80CD-AFF40144BA8A}.Debug|Any CPU.Build.0 = Debug|Any CPU
		{08ADAF71-0656-4C7B-80CD-AFF40144BA8A}.Release|Any CPU.ActiveCfg = Release|Any CPU
		{08ADAF71-0656-4C7B-80CD-AFF40144BA8A}.Release|Any CPU.Build.0 = Release|Any CPU
	EndGlobalSection
	GlobalSection(SolutionProperties) = preSolution
		HideSolutionNode = FALSE
	EndGlobalSection
EndGlobal
